<?xml version="1.0" encoding="utf-8"?>
<Project ToolsVersion="4.0" xmlns="http://schemas.microsoft.com/developer/msbuild/2003">
  <ItemGroup>
    <Filter Include="Source Files">
      <UniqueIdentifier>{4FC737F1-C7A5-4376-A066-2A32D752A2FF}</UniqueIdentifier>
      <Extensions>cpp;c;cc;cxx;c++;cppm;ixx;def;odl;idl;hpj;bat;asm;asmx</Extensions>
    </Filter>
    <Filter Include="Header Files">
      <UniqueIdentifier>{93995380-89BD-4b04-88EB-625FBE52EBFB}</UniqueIdentifier>
      <Extensions>h;hh;hpp;hxx;h++;hm;inl;inc;ipp;xsd</Extensions>
    </Filter>
    <Filter Include="Resource Files">
      <UniqueIdentifier>{67DA6AB6-F800-4c08-8B7A-83BB121AAD01}</UniqueIdentifier>
      <Extensions>rc;ico;cur;bmp;dlg;rc2;rct;bin;rgs;gif;jpg;jpeg;jpe;resx;tiff;tif;png;wav;mfcribbon-ms</Extensions>
    </Filter>
  </ItemGroup>
  <ItemGroup>
    <ClCompile Include="PolyMake.cpp">
      <Filter>Source Files</Filter>
    </ClCompile>
    <ClCompile Include="DbBlocks.cpp">
      <Filter>Source Files</Filter>
    </ClCompile>
    <ClCompile Include="LineTable.cpp">
      <Filter>Source Files</Filter>
    </ClCompile>
    <ClCompile Include="NODETABL.CPP">
      <Filter>Source Files</Filter>
    </ClCompile>
    <ClCompile Include="polynode.CPP">
      <Filter>Source Files</Filter>
    </ClCompile>
    <ClCompile Include="bldpoly2.cpp">
      <Filter>Source Files</Filter>
    </ClCompile>
  </ItemGroup>
  <ItemGroup>
    <ClInclude Include="DbBlocks.h">
      <Filter>Header Files</Filter>
    </ClInclude>
    <ClInclude Include="LineTable.hpp">
      <Filter>Header Files</Filter>
    </ClInclude>
    <ClInclude Include="NODETABL.HPP">
      <Filter>Header Files</Filter>
    </ClInclude>
    <ClInclude Include="polynode.HPP">
      <Filter>Header Files</Filter>
    </ClInclude>
    <ClInclude Include="bldpoly2.h">
      <Filter>Header Files</Filter>
    </ClInclude>
  </ItemGroup>
  <ItemGroup>
    <Library Include="..\..\Lib2\GeoDBDLL.lib" />
    <Library Include="..\..\Lib2\DbOMDLL.lib" />
    <Library Include="..\..\Lib2\SetsDLL.lib" />
    <Library Include="..\..\Lib2\CxxToolsLib.lib" />
    <Library Include="..\..\Lib2\GeoToolsDLL.lib" />
    <Library Include="..\..\Lib2\TigerDBDLL.lib" />
    <Library Include="..\..\Lib2\TopoToolsDLL.lib" />
  </ItemGroup>
</Project>