<?xml version="1.0" encoding="utf-8"?>
<Project ToolsVersion="4.0" xmlns="http://schemas.microsoft.com/developer/msbuild/2003">
  <ItemGroup>
    <Filter Include="Source Files">
      <UniqueIdentifier>{977939f7-a70a-4dbd-819e-1b710e3957cd}</UniqueIdentifier>
      <Extensions>cpp;c;cxx;rc;def;r;odl;idl;hpj;bat</Extensions>
    </Filter>
    <Filter Include="Header Files">
      <UniqueIdentifier>{dbf39d94-2023-44e6-9df3-e93047d3c1bf}</UniqueIdentifier>
      <Extensions>h;hpp;hxx;hm;inl</Extensions>
    </Filter>
  </ItemGroup>
  <ItemGroup>
    <ClCompile Include="SCAN.CPP">
      <Filter>Source Files</Filter>
    </ClCompile>
    <ClCompile Include="tigerlib.cpp">
      <Filter>Source Files</Filter>
    </ClCompile>
    <ClCompile Include="TIGERRT1.CPP">
      <Filter>Source Files</Filter>
    </ClCompile>
    <ClCompile Include="TIGERRT2.CPP">
      <Filter>Source Files</Filter>
    </ClCompile>
    <ClCompile Include="TIGERRT4.CPP">
      <Filter>Source Files</Filter>
    </ClCompile>
    <ClCompile Include="TIGERRT5.CPP">
      <Filter>Source Files</Filter>
    </ClCompile>
    <ClCompile Include="TIGERRT6.CPP">
      <Filter>Source Files</Filter>
    </ClCompile>
    <ClCompile Include="tigerrt7.cpp">
      <Filter>Source Files</Filter>
    </ClCompile>
    <ClCompile Include="tigerrt8.cpp">
      <Filter>Source Files</Filter>
    </ClCompile>
    <ClCompile Include="tigerrtH.cpp">
      <Filter>Source Files</Filter>
    </ClCompile>
    <ClCompile Include="tigerrti.cpp">
      <Filter>Source Files</Filter>
    </ClCompile>
    <ClCompile Include="tigerRtZ.cpp">
      <Filter>Source Files</Filter>
    </ClCompile>
    <ClCompile Include="TigerrtP.cpp">
      <Filter>Source Files</Filter>
    </ClCompile>
  </ItemGroup>
  <ItemGroup>
    <ClInclude Include="tigerlib.h">
      <Filter>Header Files</Filter>
    </ClInclude>
    <ClInclude Include="tigerrt1.h">
      <Filter>Header Files</Filter>
    </ClInclude>
    <ClInclude Include="tigerrt2.h">
      <Filter>Header Files</Filter>
    </ClInclude>
    <ClInclude Include="tigerrt4.h">
      <Filter>Header Files</Filter>
    </ClInclude>
    <ClInclude Include="tigerrt5.h">
      <Filter>Header Files</Filter>
    </ClInclude>
    <ClInclude Include="tigerrt6.h">
      <Filter>Header Files</Filter>
    </ClInclude>
    <ClInclude Include="tigerrt7.h">
      <Filter>Header Files</Filter>
    </ClInclude>
    <ClInclude Include="tigerrt8.h">
      <Filter>Header Files</Filter>
    </ClInclude>
    <ClInclude Include="tigerrtH.h">
      <Filter>Header Files</Filter>
    </ClInclude>
    <ClInclude Include="tigerrtI.h">
      <Filter>Header Files</Filter>
    </ClInclude>
    <ClInclude Include="tigerRtZ.h">
      <Filter>Header Files</Filter>
    </ClInclude>
    <ClInclude Include="tigerrtP.h">
      <Filter>Header Files</Filter>
    </ClInclude>
  </ItemGroup>
</Project>